
Microsoft Visual Studio Solution File, Format Version 12.00
# Visual Studio Version 17
VisualStudioVersion = 17.3.32929.385
MinimumVisualStudioVersion = 10.0.40219.1
Project("{FAE04EC0-301F-11D3-BF4B-00C04F79EFBC}") = "1", "1\1.csproj", "{50D1923E-3B7B-4F58-BF3D-1C07470BDD24}"
EndProject
Project("{FAE04EC0-301F-11D3-BF4B-00C04F79EFBC}") = "2", "2\2.csproj", "{2D60DA8B-967B-4159-9D7C-B57CD3C23AAD}"
EndProject
Project("{FAE04EC0-301F-11D3-BF4B-00C04F79EFBC}") = "3", "3\3.csproj", "{A9ACE8E4-BEEE-41B8-9890-CB4CFC56A29E}"
EndProject
Global
	GlobalSection(SolutionConfigurationPlatforms) = preSolution
		Debug|Any CPU = Debug|Any CPU
		Release|Any CPU = Release|Any CPU
	EndGlobalSection
	GlobalSection(ProjectConfigurationPlatforms) = postSolution
		{50D1923E-3B7B-4F58-BF3D-1C07470BDD24}.Debug|Any CPU.ActiveCfg = Debug|Any CPU
		{50D1923E-3B7B-4F58-BF3D-1C07470BDD24}.Debug|Any CPU.Build.0 = Debug|Any CPU
		{50D1923E-3B7B-4F58-BF3D-1C07470BDD24}.Release|Any CPU.ActiveCfg = Release|Any CPU
		{50D1923E-3B7B-4F58-BF3D-1C07470BDD24}.Release|Any CPU.Build.0 = Release|Any CPU
		{2D60DA8B-967B-4159-9D7C-B57CD3C23AAD}.Debug|Any CPU.ActiveCfg = Debug|Any CPU
		{2D60DA8B-967B-4159-9D7C-B57CD3C23AAD}.Debug|Any CPU.Build.0 = Debug|Any CPU
		{2D60DA8B-967B-4159-9D7C-B57CD3C23AAD}.Release|Any CPU.ActiveCfg = Release|Any CPU
		{2D60DA8B-967B-4159-9D7C-B57CD3C23AAD}.Release|Any CPU.Build.0 = Release|Any CPU
		{A9ACE8E4-BEEE-41B8-9890-CB4CFC56A29E}.Debug|Any CPU.ActiveCfg = Debug|Any CPU
		{A9ACE8E4-BEEE-41B8-9890-CB4CFC56A29E}.Debug|Any CPU.Build.0 = Debug|Any CPU
		{A9ACE8E4-BEEE-41B8-9890-CB4CFC56A29E}.Release|Any CPU.ActiveCfg = Release|Any CPU
		{A9ACE8E4-BEEE-41B8-9890-CB4CFC56A29E}.Release|Any CPU.Build.0 = Release|Any CPU
	EndGlobalSection
	GlobalSection(SolutionProperties) = preSolution
		HideSolutionNode = FALSE
	EndGlobalSection
	GlobalSection(ExtensibilityGlobals) = postSolution
		SolutionGuid = {2CB25E25-7E3D-4298-9AB6-091BA9D8272E}
	EndGlobalSection
EndGlobal
